// !$*UTF8*$!
{
	archiveVersion = 1;
	classes = {
	};
	objectVersion = 46;
	objects = {

/* Begin PBXBuildFile section */
		3370BD491AB7092E009D47AB /* PurchaseHistoryViewController.m in Sources */ = {isa = PBXBuildFile; fileRef = 3370BD481AB7092E009D47AB /* PurchaseHistoryViewController.m */; };
		3370BD4C1AB70B18009D47AB /* PurchaseHistoryCell.m in Sources */ = {isa = PBXBuildFile; fileRef = 3370BD4B1AB70B18009D47AB /* PurchaseHistoryCell.m */; };
		3370BD4F1AB70E88009D47AB /* ContactUsViewController.m in Sources */ = {isa = PBXBuildFile; fileRef = 3370BD4E1AB70E88009D47AB /* ContactUsViewController.m */; };
		3370BD521AB71851009D47AB /* MyLocation.m in Sources */ = {isa = PBXBuildFile; fileRef = 3370BD511AB71851009D47AB /* MyLocation.m */; };
		338704B21AB53B0B00D21E0C /* TestimonialsViewController.m in Sources */ = {isa = PBXBuildFile; fileRef = 338704B11AB53B0B00D21E0C /* TestimonialsViewController.m */; };
		338704B81AB53C7400D21E0C /* TestimonialCell.m in Sources */ = {isa = PBXBuildFile; fileRef = 338704B71AB53C7400D21E0C /* TestimonialCell.m */; };
		33876E8B1AB6EB9700E7F927 /* Main.storyboard in Resources */ = {isa = PBXBuildFile; fileRef = 33876E891AB6EB9700E7F927 /* Main.storyboard */; };
		443B1CA91AB64A3F0090FFFA /* WebserviceCall.m in Sources */ = {isa = PBXBuildFile; fileRef = 443B1CA81AB64A3F0090FFFA /* WebserviceCall.m */; };
		443B1CAB1AB64A7F0090FFFA /* SystemConfiguration.framework in Frameworks */ = {isa = PBXBuildFile; fileRef = 443B1CAA1AB64A7F0090FFFA /* SystemConfiguration.framework */; };
		443B1CAE1AB64B1D0090FFFA /* Reachability.m in Sources */ = {isa = PBXBuildFile; fileRef = 443B1CAD1AB64B1D0090FFFA /* Reachability.m */; };
		443B1CC31AB655AF0090FFFA /* AFHTTPRequestOperation.m in Sources */ = {isa = PBXBuildFile; fileRef = 443B1CB11AB655AF0090FFFA /* AFHTTPRequestOperation.m */; };
		443B1CC41AB655AF0090FFFA /* AFHTTPRequestOperationManager.m in Sources */ = {isa = PBXBuildFile; fileRef = 443B1CB31AB655AF0090FFFA /* AFHTTPRequestOperationManager.m */; };
		443B1CC51AB655AF0090FFFA /* AFHTTPSessionManager.m in Sources */ = {isa = PBXBuildFile; fileRef = 443B1CB51AB655AF0090FFFA /* AFHTTPSessionManager.m */; };
		443B1CC61AB655AF0090FFFA /* AFNetworkReachabilityManager.m in Sources */ = {isa = PBXBuildFile; fileRef = 443B1CB81AB655AF0090FFFA /* AFNetworkReachabilityManager.m */; };
		443B1CC71AB655AF0090FFFA /* AFSecurityPolicy.m in Sources */ = {isa = PBXBuildFile; fileRef = 443B1CBA1AB655AF0090FFFA /* AFSecurityPolicy.m */; };
		443B1CC81AB655AF0090FFFA /* AFURLConnectionOperation.m in Sources */ = {isa = PBXBuildFile; fileRef = 443B1CBC1AB655AF0090FFFA /* AFURLConnectionOperation.m */; };
		443B1CC91AB655AF0090FFFA /* AFURLRequestSerialization.m in Sources */ = {isa = PBXBuildFile; fileRef = 443B1CBE1AB655AF0090FFFA /* AFURLRequestSerialization.m */; };
		443B1CCA1AB655AF0090FFFA /* AFURLResponseSerialization.m in Sources */ = {isa = PBXBuildFile; fileRef = 443B1CC01AB655AF0090FFFA /* AFURLResponseSerialization.m */; };
		443B1CCB1AB655AF0090FFFA /* AFURLSessionManager.m in Sources */ = {isa = PBXBuildFile; fileRef = 443B1CC21AB655AF0090FFFA /* AFURLSessionManager.m */; };
		443B1CDE1AB6566A0090FFFA /* AFNetworkActivityIndicatorManager.m in Sources */ = {isa = PBXBuildFile; fileRef = 443B1CCE1AB6566A0090FFFA /* AFNetworkActivityIndicatorManager.m */; };
		443B1CDF1AB6566A0090FFFA /* UIActivityIndicatorView+AFNetworking.m in Sources */ = {isa = PBXBuildFile; fileRef = 443B1CD01AB6566A0090FFFA /* UIActivityIndicatorView+AFNetworking.m */; };
		443B1CE01AB6566A0090FFFA /* UIAlertView+AFNetworking.m in Sources */ = {isa = PBXBuildFile; fileRef = 443B1CD21AB6566A0090FFFA /* UIAlertView+AFNetworking.m */; };
		443B1CE11AB6566A0090FFFA /* UIButton+AFNetworking.m in Sources */ = {isa = PBXBuildFile; fileRef = 443B1CD41AB6566A0090FFFA /* UIButton+AFNetworking.m */; };
		443B1CE21AB6566A0090FFFA /* UIImageView+AFNetworking.m in Sources */ = {isa = PBXBuildFile; fileRef = 443B1CD61AB6566A0090FFFA /* UIImageView+AFNetworking.m */; };
		443B1CE31AB6566A0090FFFA /* UIProgressView+AFNetworking.m in Sources */ = {isa = PBXBuildFile; fileRef = 443B1CD91AB6566A0090FFFA /* UIProgressView+AFNetworking.m */; };
		443B1CE41AB6566A0090FFFA /* UIRefreshControl+AFNetworking.m in Sources */ = {isa = PBXBuildFile; fileRef = 443B1CDB1AB6566A0090FFFA /* UIRefreshControl+AFNetworking.m */; };
		443B1CE51AB6566A0090FFFA /* UIWebView+AFNetworking.m in Sources */ = {isa = PBXBuildFile; fileRef = 443B1CDD1AB6566A0090FFFA /* UIWebView+AFNetworking.m */; };
		443B1CE81AB6956A0090FFFA /* TabBarViewController.m in Sources */ = {isa = PBXBuildFile; fileRef = 443B1CE71AB6956A0090FFFA /* TabBarViewController.m */; };
		443FA60A1AB0FD6C000EFD81 /* main.m in Sources */ = {isa = PBXBuildFile; fileRef = 443FA6091AB0FD6C000EFD81 /* main.m */; };
		443FA6271AB0FD6C000EFD81 /* AutohausTests.m in Sources */ = {isa = PBXBuildFile; fileRef = 443FA6261AB0FD6C000EFD81 /* AutohausTests.m */; };
		44453B2F1AB0FF3D001A127E /* AppDelegate.m in Sources */ = {isa = PBXBuildFile; fileRef = 44453B2E1AB0FF3D001A127E /* AppDelegate.m */; };
		44453B7D1AB0FF66001A127E /* BlurringView.m in Sources */ = {isa = PBXBuildFile; fileRef = 44453B331AB0FF66001A127E /* BlurringView.m */; };
		44453B7E1AB0FF66001A127E /* UIImage+ImageEffects.m in Sources */ = {isa = PBXBuildFile; fileRef = 44453B351AB0FF66001A127E /* UIImage+ImageEffects.m */; };
		44453B7F1AB0FF66001A127E /* CartCell.m in Sources */ = {isa = PBXBuildFile; fileRef = 44453B381AB0FF66001A127E /* CartCell.m */; };
		44453B801AB0FF66001A127E /* CollectionRootCell.m in Sources */ = {isa = PBXBuildFile; fileRef = 44453B3A1AB0FF66001A127E /* CollectionRootCell.m */; };
		44453B811AB0FF66001A127E /* GalleryCell.m in Sources */ = {isa = PBXBuildFile; fileRef = 44453B3C1AB0FF66001A127E /* GalleryCell.m */; };
		44453B821AB0FF66001A127E /* TableCellCollection.m in Sources */ = {isa = PBXBuildFile; fileRef = 44453B3E1AB0FF66001A127E /* TableCellCollection.m */; };
		44453B831AB0FF66001A127E /* CollectionCellImage.m in Sources */ = {isa = PBXBuildFile; fileRef = 44453B411AB0FF66001A127E /* CollectionCellImage.m */; };
		44453B841AB0FF66001A127E /* CollectionHeaderLabel.m in Sources */ = {isa = PBXBuildFile; fileRef = 44453B431AB0FF66001A127E /* CollectionHeaderLabel.m */; };
		44453B851AB0FF66001A127E /* ProductList.plist in Resources */ = {isa = PBXBuildFile; fileRef = 44453B451AB0FF66001A127E /* ProductList.plist */; };
		44453B861AB0FF66001A127E /* CartInterface.m in Sources */ = {isa = PBXBuildFile; fileRef = 44453B4A1AB0FF66001A127E /* CartInterface.m */; };
		44453B871AB0FF66001A127E /* Utilities.m in Sources */ = {isa = PBXBuildFile; fileRef = 44453B4C1AB0FF66001A127E /* Utilities.m */; };
		44453B881AB0FF66001A127E /* Cart.m in Sources */ = {isa = PBXBuildFile; fileRef = 44453B501AB0FF66001A127E /* Cart.m */; };
		44453B891AB0FF66001A127E /* GingerDolls.xcdatamodeld in Sources */ = {isa = PBXBuildFile; fileRef = 44453B511AB0FF66001A127E /* GingerDolls.xcdatamodeld */; };
		44453B8B1AB0FF66001A127E /* century gothic bold.ttf in Resources */ = {isa = PBXBuildFile; fileRef = 44453B571AB0FF66001A127E /* century gothic bold.ttf */; };
		44453B8C1AB0FF66001A127E /* century gothic.ttf in Resources */ = {isa = PBXBuildFile; fileRef = 44453B581AB0FF66001A127E /* century gothic.ttf */; };
		44453B941AB0FF66001A127E /* AboutRootViewController.m in Sources */ = {isa = PBXBuildFile; fileRef = 44453B681AB0FF66001A127E /* AboutRootViewController.m */; };
		44453B951AB0FF66001A127E /* CartRootViewController.m in Sources */ = {isa = PBXBuildFile; fileRef = 44453B6B1AB0FF66001A127E /* CartRootViewController.m */; };
		44453B961AB0FF66001A127E /* Add2CartViewController.m in Sources */ = {isa = PBXBuildFile; fileRef = 44453B6E1AB0FF66001A127E /* Add2CartViewController.m */; };
		44453B971AB0FF66001A127E /* CollectionDetailMainViewController.m in Sources */ = {isa = PBXBuildFile; fileRef = 44453B701AB0FF66001A127E /* CollectionDetailMainViewController.m */; };
		44453B981AB0FF66001A127E /* CollectionDetailSubViewController.m in Sources */ = {isa = PBXBuildFile; fileRef = 44453B721AB0FF66001A127E /* CollectionDetailSubViewController.m */; };
		44453B991AB0FF66001A127E /* CollectionListTableViewController.m in Sources */ = {isa = PBXBuildFile; fileRef = 44453B741AB0FF66001A127E /* CollectionListTableViewController.m */; };
		44453B9A1AB0FF66001A127E /* CollectionRootTableViewController.m in Sources */ = {isa = PBXBuildFile; fileRef = 44453B761AB0FF66001A127E /* CollectionRootTableViewController.m */; };
		44453B9B1AB0FF66001A127E /* HomeRootViewController.m in Sources */ = {isa = PBXBuildFile; fileRef = 44453B791AB0FF66001A127E /* HomeRootViewController.m */; };
		44453B9C1AB0FF66001A127E /* MoreRootTableViewController.m in Sources */ = {isa = PBXBuildFile; fileRef = 44453B7C1AB0FF66001A127E /* MoreRootTableViewController.m */; };
		444EDF4F1AB24F9E007B8354 /* CollectionCellText.m in Sources */ = {isa = PBXBuildFile; fileRef = 444EDF4E1AB24F9E007B8354 /* CollectionCellText.m */; };
		44EEC4A21AB10CAA00DA1CA9 /* Images.xcassets in Resources */ = {isa = PBXBuildFile; fileRef = 44EEC4951AB10CAA00DA1CA9 /* Images.xcassets */; };
		44EEC4A31AB10CAA00DA1CA9 /* image_skirt1.png in Resources */ = {isa = PBXBuildFile; fileRef = 44EEC4981AB10CAA00DA1CA9 /* image_skirt1.png */; };
		44EEC4A41AB10CAA00DA1CA9 /* image_tops1.png in Resources */ = {isa = PBXBuildFile; fileRef = 44EEC49A1AB10CAA00DA1CA9 /* image_tops1.png */; };
		44EEC4A51AB10CAA00DA1CA9 /* image_tops2.png in Resources */ = {isa = PBXBuildFile; fileRef = 44EEC49B1AB10CAA00DA1CA9 /* image_tops2.png */; };
		44EEC4A61AB10CAA00DA1CA9 /* image_bow_jeans_detail_1_iPhone@2x.png in Resources */ = {isa = PBXBuildFile; fileRef = 44EEC49E1AB10CAA00DA1CA9 /* image_bow_jeans_detail_1_iPhone@2x.png */; };
		44EEC4A71AB10CAA00DA1CA9 /* image_bow_jeans_detail_2_iPhone@2x.png in Resources */ = {isa = PBXBuildFile; fileRef = 44EEC49F1AB10CAA00DA1CA9 /* image_bow_jeans_detail_2_iPhone@2x.png */; };
		44EEC4A81AB10CAA00DA1CA9 /* image_bow_jeans_detail_3_iPhone@2x.png in Resources */ = {isa = PBXBuildFile; fileRef = 44EEC4A01AB10CAA00DA1CA9 /* image_bow_jeans_detail_3_iPhone@2x.png */; };
		44EEC4AC1AB1101300DA1CA9 /* LoginViewController.m in Sources */ = {isa = PBXBuildFile; fileRef = 44EEC4AB1AB1101300DA1CA9 /* LoginViewController.m */; };
		44EEC4AF1AB111BE00DA1CA9 /* RegisterViewController.m in Sources */ = {isa = PBXBuildFile; fileRef = 44EEC4AE1AB111BE00DA1CA9 /* RegisterViewController.m */; };
/* End PBXBuildFile section */

/* Begin PBXContainerItemProxy section */
		443FA6211AB0FD6C000EFD81 /* PBXContainerItemProxy */ = {
			isa = PBXContainerItemProxy;
			containerPortal = 443FA5FC1AB0FD6C000EFD81 /* Project object */;
			proxyType = 1;
			remoteGlobalIDString = 443FA6031AB0FD6C000EFD81;
			remoteInfo = Autohaus;
		};
/* End PBXContainerItemProxy section */

/* Begin PBXFileReference section */
		3370BD471AB7092E009D47AB /* PurchaseHistoryViewController.h */ = {isa = PBXFileReference; fileEncoding = 4; lastKnownFileType = sourcecode.c.h; path = PurchaseHistoryViewController.h; sourceTree = "<group>"; };
		3370BD481AB7092E009D47AB /* PurchaseHistoryViewController.m */ = {isa = PBXFileReference; fileEncoding = 4; lastKnownFileType = sourcecode.c.objc; path = PurchaseHistoryViewController.m; sourceTree = "<group>"; };
		3370BD4A1AB70B18009D47AB /* PurchaseHistoryCell.h */ = {isa = PBXFileReference; fileEncoding = 4; lastKnownFileType = sourcecode.c.h; path = PurchaseHistoryCell.h; sourceTree = "<group>"; };
		3370BD4B1AB70B18009D47AB /* PurchaseHistoryCell.m */ = {isa = PBXFileReference; fileEncoding = 4; lastKnownFileType = sourcecode.c.objc; path = PurchaseHistoryCell.m; sourceTree = "<group>"; };
		3370BD4D1AB70E88009D47AB /* ContactUsViewController.h */ = {isa = PBXFileReference; fileEncoding = 4; lastKnownFileType = sourcecode.c.h; path = ContactUsViewController.h; sourceTree = "<group>"; };
		3370BD4E1AB70E88009D47AB /* ContactUsViewController.m */ = {isa = PBXFileReference; fileEncoding = 4; lastKnownFileType = sourcecode.c.objc; path = ContactUsViewController.m; sourceTree = "<group>"; };
		3370BD501AB71851009D47AB /* MyLocation.h */ = {isa = PBXFileReference; fileEncoding = 4; lastKnownFileType = sourcecode.c.h; path = MyLocation.h; sourceTree = "<group>"; };
		3370BD511AB71851009D47AB /* MyLocation.m */ = {isa = PBXFileReference; fileEncoding = 4; lastKnownFileType = sourcecode.c.objc; path = MyLocation.m; sourceTree = "<group>"; };
		338704B01AB53B0B00D21E0C /* TestimonialsViewController.h */ = {isa = PBXFileReference; fileEncoding = 4; lastKnownFileType = sourcecode.c.h; path = TestimonialsViewController.h; sourceTree = "<group>"; };
		338704B11AB53B0B00D21E0C /* TestimonialsViewController.m */ = {isa = PBXFileReference; fileEncoding = 4; lastKnownFileType = sourcecode.c.objc; path = TestimonialsViewController.m; sourceTree = "<group>"; };
		338704B61AB53C7400D21E0C /* TestimonialCell.h */ = {isa = PBXFileReference; fileEncoding = 4; lastKnownFileType = sourcecode.c.h; path = TestimonialCell.h; sourceTree = "<group>"; };
		338704B71AB53C7400D21E0C /* TestimonialCell.m */ = {isa = PBXFileReference; fileEncoding = 4; lastKnownFileType = sourcecode.c.objc; path = TestimonialCell.m; sourceTree = "<group>"; };
		33876E8A1AB6EB9700E7F927 /* Base */ = {isa = PBXFileReference; lastKnownFileType = file.storyboard; name = Base; path = Resources/Base.lproj/Main.storyboard; sourceTree = "<group>"; };
		338CA4371AB8366100C91ACD /* WebserviceCallURL.h */ = {isa = PBXFileReference; fileEncoding = 4; lastKnownFileType = sourcecode.c.h; path = WebserviceCallURL.h; sourceTree = "<group>"; };
		33CA89111AB19D11008B4145 /* Constants.h */ = {isa = PBXFileReference; fileEncoding = 4; lastKnownFileType = sourcecode.c.h; path = Constants.h; sourceTree = "<group>"; };
		443B1CA61AB648D80090FFFA /* BaseConfig.h */ = {isa = PBXFileReference; fileEncoding = 4; lastKnownFileType = sourcecode.c.h; path = BaseConfig.h; sourceTree = "<group>"; };
		443B1CA71AB64A3F0090FFFA /* WebserviceCall.h */ = {isa = PBXFileReference; fileEncoding = 4; lastKnownFileType = sourcecode.c.h; path = WebserviceCall.h; sourceTree = "<group>"; };
		443B1CA81AB64A3F0090FFFA /* WebserviceCall.m */ = {isa = PBXFileReference; fileEncoding = 4; lastKnownFileType = sourcecode.c.objc; path = WebserviceCall.m; sourceTree = "<group>"; };
		443B1CAA1AB64A7F0090FFFA /* SystemConfiguration.framework */ = {isa = PBXFileReference; lastKnownFileType = wrapper.framework; name = SystemConfiguration.framework; path = System/Library/Frameworks/SystemConfiguration.framework; sourceTree = SDKROOT; };
		443B1CAC1AB64B1D0090FFFA /* Reachability.h */ = {isa = PBXFileReference; fileEncoding = 4; lastKnownFileType = sourcecode.c.h; path = Reachability.h; sourceTree = "<group>"; };
		443B1CAD1AB64B1D0090FFFA /* Reachability.m */ = {isa = PBXFileReference; fileEncoding = 4; lastKnownFileType = sourcecode.c.objc; path = Reachability.m; sourceTree = "<group>"; };
		443B1CB01AB655AF0090FFFA /* AFHTTPRequestOperation.h */ = {isa = PBXFileReference; fileEncoding = 4; lastKnownFileType = sourcecode.c.h; path = AFHTTPRequestOperation.h; sourceTree = "<group>"; };
		443B1CB11AB655AF0090FFFA /* AFHTTPRequestOperation.m */ = {isa = PBXFileReference; fileEncoding = 4; lastKnownFileType = sourcecode.c.objc; path = AFHTTPRequestOperation.m; sourceTree = "<group>"; };
		443B1CB21AB655AF0090FFFA /* AFHTTPRequestOperationManager.h */ = {isa = PBXFileReference; fileEncoding = 4; lastKnownFileType = sourcecode.c.h; path = AFHTTPRequestOperationManager.h; sourceTree = "<group>"; };
		443B1CB31AB655AF0090FFFA /* AFHTTPRequestOperationManager.m */ = {isa = PBXFileReference; fileEncoding = 4; lastKnownFileType = sourcecode.c.objc; path = AFHTTPRequestOperationManager.m; sourceTree = "<group>"; };
		443B1CB41AB655AF0090FFFA /* AFHTTPSessionManager.h */ = {isa = PBXFileReference; fileEncoding = 4; lastKnownFileType = sourcecode.c.h; path = AFHTTPSessionManager.h; sourceTree = "<group>"; };
		443B1CB51AB655AF0090FFFA /* AFHTTPSessionManager.m */ = {isa = PBXFileReference; fileEncoding = 4; lastKnownFileType = sourcecode.c.objc; path = AFHTTPSessionManager.m; sourceTree = "<group>"; };
		443B1CB61AB655AF0090FFFA /* AFNetworking.h */ = {isa = PBXFileReference; fileEncoding = 4; lastKnownFileType = sourcecode.c.h; path = AFNetworking.h; sourceTree = "<group>"; };
		443B1CB71AB655AF0090FFFA /* AFNetworkReachabilityManager.h */ = {isa = PBXFileReference; fileEncoding = 4; lastKnownFileType = sourcecode.c.h; path = AFNetworkReachabilityManager.h; sourceTree = "<group>"; };
		443B1CB81AB655AF0090FFFA /* AFNetworkReachabilityManager.m */ = {isa = PBXFileReference; fileEncoding = 4; lastKnownFileType = sourcecode.c.objc; path = AFNetworkReachabilityManager.m; sourceTree = "<group>"; };
		443B1CB91AB655AF0090FFFA /* AFSecurityPolicy.h */ = {isa = PBXFileReference; fileEncoding = 4; lastKnownFileType = sourcecode.c.h; path = AFSecurityPolicy.h; sourceTree = "<group>"; };
		443B1CBA1AB655AF0090FFFA /* AFSecurityPolicy.m */ = {isa = PBXFileReference; fileEncoding = 4; lastKnownFileType = sourcecode.c.objc; path = AFSecurityPolicy.m; sourceTree = "<group>"; };
		443B1CBB1AB655AF0090FFFA /* AFURLConnectionOperation.h */ = {isa = PBXFileReference; fileEncoding = 4; lastKnownFileType = sourcecode.c.h; path = AFURLConnectionOperation.h; sourceTree = "<group>"; };
		443B1CBC1AB655AF0090FFFA /* AFURLConnectionOperation.m */ = {isa = PBXFileReference; fileEncoding = 4; lastKnownFileType = sourcecode.c.objc; path = AFURLConnectionOperation.m; sourceTree = "<group>"; };
		443B1CBD1AB655AF0090FFFA /* AFURLRequestSerialization.h */ = {isa = PBXFileReference; fileEncoding = 4; lastKnownFileType = sourcecode.c.h; path = AFURLRequestSerialization.h; sourceTree = "<group>"; };
		443B1CBE1AB655AF0090FFFA /* AFURLRequestSerialization.m */ = {isa = PBXFileReference; fileEncoding = 4; lastKnownFileType = sourcecode.c.objc; path = AFURLRequestSerialization.m; sourceTree = "<group>"; };
		443B1CBF1AB655AF0090FFFA /* AFURLResponseSerialization.h */ = {isa = PBXFileReference; fileEncoding = 4; lastKnownFileType = sourcecode.c.h; path = AFURLResponseSerialization.h; sourceTree = "<group>"; };
		443B1CC01AB655AF0090FFFA /* AFURLResponseSerialization.m */ = {isa = PBXFileReference; fileEncoding = 4; lastKnownFileType = sourcecode.c.objc; path = AFURLResponseSerialization.m; sourceTree = "<group>"; };
		443B1CC11AB655AF0090FFFA /* AFURLSessionManager.h */ = {isa = PBXFileReference; fileEncoding = 4; lastKnownFileType = sourcecode.c.h; path = AFURLSessionManager.h; sourceTree = "<group>"; };
		443B1CC21AB655AF0090FFFA /* AFURLSessionManager.m */ = {isa = PBXFileReference; fileEncoding = 4; lastKnownFileType = sourcecode.c.objc; path = AFURLSessionManager.m; sourceTree = "<group>"; };
		443B1CCD1AB6566A0090FFFA /* AFNetworkActivityIndicatorManager.h */ = {isa = PBXFileReference; fileEncoding = 4; lastKnownFileType = sourcecode.c.h; path = AFNetworkActivityIndicatorManager.h; sourceTree = "<group>"; };
		443B1CCE1AB6566A0090FFFA /* AFNetworkActivityIndicatorManager.m */ = {isa = PBXFileReference; fileEncoding = 4; lastKnownFileType = sourcecode.c.objc; path = AFNetworkActivityIndicatorManager.m; sourceTree = "<group>"; };
		443B1CCF1AB6566A0090FFFA /* UIActivityIndicatorView+AFNetworking.h */ = {isa = PBXFileReference; fileEncoding = 4; lastKnownFileType = sourcecode.c.h; path = "UIActivityIndicatorView+AFNetworking.h"; sourceTree = "<group>"; };
		443B1CD01AB6566A0090FFFA /* UIActivityIndicatorView+AFNetworking.m */ = {isa = PBXFileReference; fileEncoding = 4; lastKnownFileType = sourcecode.c.objc; path = "UIActivityIndicatorView+AFNetworking.m"; sourceTree = "<group>"; };
		443B1CD11AB6566A0090FFFA /* UIAlertView+AFNetworking.h */ = {isa = PBXFileReference; fileEncoding = 4; lastKnownFileType = sourcecode.c.h; path = "UIAlertView+AFNetworking.h"; sourceTree = "<group>"; };
		443B1CD21AB6566A0090FFFA /* UIAlertView+AFNetworking.m */ = {isa = PBXFileReference; fileEncoding = 4; lastKnownFileType = sourcecode.c.objc; path = "UIAlertView+AFNetworking.m"; sourceTree = "<group>"; };
		443B1CD31AB6566A0090FFFA /* UIButton+AFNetworking.h */ = {isa = PBXFileReference; fileEncoding = 4; lastKnownFileType = sourcecode.c.h; path = "UIButton+AFNetworking.h"; sourceTree = "<group>"; };
		443B1CD41AB6566A0090FFFA /* UIButton+AFNetworking.m */ = {isa = PBXFileReference; fileEncoding = 4; lastKnownFileType = sourcecode.c.objc; path = "UIButton+AFNetworking.m"; sourceTree = "<group>"; };
		443B1CD51AB6566A0090FFFA /* UIImageView+AFNetworking.h */ = {isa = PBXFileReference; fileEncoding = 4; lastKnownFileType = sourcecode.c.h; path = "UIImageView+AFNetworking.h"; sourceTree = "<group>"; };
		443B1CD61AB6566A0090FFFA /* UIImageView+AFNetworking.m */ = {isa = PBXFileReference; fileEncoding = 4; lastKnownFileType = sourcecode.c.objc; path = "UIImageView+AFNetworking.m"; sourceTree = "<group>"; };
		443B1CD71AB6566A0090FFFA /* UIKit+AFNetworking.h */ = {isa = PBXFileReference; fileEncoding = 4; lastKnownFileType = sourcecode.c.h; path = "UIKit+AFNetworking.h"; sourceTree = "<group>"; };
		443B1CD81AB6566A0090FFFA /* UIProgressView+AFNetworking.h */ = {isa = PBXFileReference; fileEncoding = 4; lastKnownFileType = sourcecode.c.h; path = "UIProgressView+AFNetworking.h"; sourceTree = "<group>"; };
		443B1CD91AB6566A0090FFFA /* UIProgressView+AFNetworking.m */ = {isa = PBXFileReference; fileEncoding = 4; lastKnownFileType = sourcecode.c.objc; path = "UIProgressView+AFNetworking.m"; sourceTree = "<group>"; };
		443B1CDA1AB6566A0090FFFA /* UIRefreshControl+AFNetworking.h */ = {isa = PBXFileReference; fileEncoding = 4; lastKnownFileType = sourcecode.c.h; path = "UIRefreshControl+AFNetworking.h"; sourceTree = "<group>"; };
		443B1CDB1AB6566A0090FFFA /* UIRefreshControl+AFNetworking.m */ = {isa = PBXFileReference; fileEncoding = 4; lastKnownFileType = sourcecode.c.objc; path = "UIRefreshControl+AFNetworking.m"; sourceTree = "<group>"; };
		443B1CDC1AB6566A0090FFFA /* UIWebView+AFNetworking.h */ = {isa = PBXFileReference; fileEncoding = 4; lastKnownFileType = sourcecode.c.h; path = "UIWebView+AFNetworking.h"; sourceTree = "<group>"; };
		443B1CDD1AB6566A0090FFFA /* UIWebView+AFNetworking.m */ = {isa = PBXFileReference; fileEncoding = 4; lastKnownFileType = sourcecode.c.objc; path = "UIWebView+AFNetworking.m"; sourceTree = "<group>"; };
		443B1CE61AB6956A0090FFFA /* TabBarViewController.h */ = {isa = PBXFileReference; fileEncoding = 4; lastKnownFileType = sourcecode.c.h; path = TabBarViewController.h; sourceTree = "<group>"; };
		443B1CE71AB6956A0090FFFA /* TabBarViewController.m */ = {isa = PBXFileReference; fileEncoding = 4; lastKnownFileType = sourcecode.c.objc; path = TabBarViewController.m; sourceTree = "<group>"; };
		443FA6041AB0FD6C000EFD81 /* Autohaus.app */ = {isa = PBXFileReference; explicitFileType = wrapper.application; includeInIndex = 0; path = Autohaus.app; sourceTree = BUILT_PRODUCTS_DIR; };
		443FA6081AB0FD6C000EFD81 /* Info.plist */ = {isa = PBXFileReference; lastKnownFileType = text.plist.xml; path = Info.plist; sourceTree = "<group>"; };
		443FA6091AB0FD6C000EFD81 /* main.m */ = {isa = PBXFileReference; lastKnownFileType = sourcecode.c.objc; path = main.m; sourceTree = "<group>"; };
		443FA6201AB0FD6C000EFD81 /* AutohausTests.xctest */ = {isa = PBXFileReference; explicitFileType = wrapper.cfbundle; includeInIndex = 0; path = AutohausTests.xctest; sourceTree = BUILT_PRODUCTS_DIR; };
		443FA6251AB0FD6C000EFD81 /* Info.plist */ = {isa = PBXFileReference; lastKnownFileType = text.plist.xml; path = Info.plist; sourceTree = "<group>"; };
		443FA6261AB0FD6C000EFD81 /* AutohausTests.m */ = {isa = PBXFileReference; lastKnownFileType = sourcecode.c.objc; path = AutohausTests.m; sourceTree = "<group>"; };
		44453B2D1AB0FF3D001A127E /* AppDelegate.h */ = {isa = PBXFileReference; fileEncoding = 4; lastKnownFileType = sourcecode.c.h; path = AppDelegate.h; sourceTree = "<group>"; };
		44453B2E1AB0FF3D001A127E /* AppDelegate.m */ = {isa = PBXFileReference; fileEncoding = 4; lastKnownFileType = sourcecode.c.objc; path = AppDelegate.m; sourceTree = "<group>"; };
		44453B321AB0FF66001A127E /* BlurringView.h */ = {isa = PBXFileReference; fileEncoding = 4; lastKnownFileType = sourcecode.c.h; path = BlurringView.h; sourceTree = "<group>"; };
		44453B331AB0FF66001A127E /* BlurringView.m */ = {isa = PBXFileReference; fileEncoding = 4; lastKnownFileType = sourcecode.c.objc; path = BlurringView.m; sourceTree = "<group>"; };
		44453B341AB0FF66001A127E /* UIImage+ImageEffects.h */ = {isa = PBXFileReference; fileEncoding = 4; lastKnownFileType = sourcecode.c.h; path = "UIImage+ImageEffects.h"; sourceTree = "<group>"; };
		44453B351AB0FF66001A127E /* UIImage+ImageEffects.m */ = {isa = PBXFileReference; fileEncoding = 4; lastKnownFileType = sourcecode.c.objc; path = "UIImage+ImageEffects.m"; sourceTree = "<group>"; };
		44453B371AB0FF66001A127E /* CartCell.h */ = {isa = PBXFileReference; fileEncoding = 4; lastKnownFileType = sourcecode.c.h; path = CartCell.h; sourceTree = "<group>"; };
		44453B381AB0FF66001A127E /* CartCell.m */ = {isa = PBXFileReference; fileEncoding = 4; lastKnownFileType = sourcecode.c.objc; path = CartCell.m; sourceTree = "<group>"; };
		44453B391AB0FF66001A127E /* CollectionRootCell.h */ = {isa = PBXFileReference; fileEncoding = 4; lastKnownFileType = sourcecode.c.h; path = CollectionRootCell.h; sourceTree = "<group>"; };
		44453B3A1AB0FF66001A127E /* CollectionRootCell.m */ = {isa = PBXFileReference; fileEncoding = 4; lastKnownFileType = sourcecode.c.objc; path = CollectionRootCell.m; sourceTree = "<group>"; };
		44453B3B1AB0FF66001A127E /* GalleryCell.h */ = {isa = PBXFileReference; fileEncoding = 4; lastKnownFileType = sourcecode.c.h; path = GalleryCell.h; sourceTree = "<group>"; };
		44453B3C1AB0FF66001A127E /* GalleryCell.m */ = {isa = PBXFileReference; fileEncoding = 4; lastKnownFileType = sourcecode.c.objc; path = GalleryCell.m; sourceTree = "<group>"; };
		44453B3D1AB0FF66001A127E /* TableCellCollection.h */ = {isa = PBXFileReference; fileEncoding = 4; lastKnownFileType = sourcecode.c.h; path = TableCellCollection.h; sourceTree = "<group>"; };
		44453B3E1AB0FF66001A127E /* TableCellCollection.m */ = {isa = PBXFileReference; fileEncoding = 4; lastKnownFileType = sourcecode.c.objc; path = TableCellCollection.m; sourceTree = "<group>"; };
		44453B401AB0FF66001A127E /* CollectionCellImage.h */ = {isa = PBXFileReference; fileEncoding = 4; lastKnownFileType = sourcecode.c.h; path = CollectionCellImage.h; sourceTree = "<group>"; };
		44453B411AB0FF66001A127E /* CollectionCellImage.m */ = {isa = PBXFileReference; fileEncoding = 4; lastKnownFileType = sourcecode.c.objc; path = CollectionCellImage.m; sourceTree = "<group>"; };
		44453B421AB0FF66001A127E /* CollectionHeaderLabel.h */ = {isa = PBXFileReference; fileEncoding = 4; lastKnownFileType = sourcecode.c.h; path = CollectionHeaderLabel.h; sourceTree = "<group>"; };
		44453B431AB0FF66001A127E /* CollectionHeaderLabel.m */ = {isa = PBXFileReference; fileEncoding = 4; lastKnownFileType = sourcecode.c.objc; path = CollectionHeaderLabel.m; sourceTree = "<group>"; };
		44453B451AB0FF66001A127E /* ProductList.plist */ = {isa = PBXFileReference; fileEncoding = 4; lastKnownFileType = text.plist.xml; path = ProductList.plist; sourceTree = "<group>"; };
		44453B491AB0FF66001A127E /* CartInterface.h */ = {isa = PBXFileReference; fileEncoding = 4; lastKnownFileType = sourcecode.c.h; path = CartInterface.h; sourceTree = "<group>"; };
		44453B4A1AB0FF66001A127E /* CartInterface.m */ = {isa = PBXFileReference; fileEncoding = 4; lastKnownFileType = sourcecode.c.objc; path = CartInterface.m; sourceTree = "<group>"; };
		44453B4B1AB0FF66001A127E /* Utilities.h */ = {isa = PBXFileReference; fileEncoding = 4; lastKnownFileType = sourcecode.c.h; path = Utilities.h; sourceTree = "<group>"; };
		44453B4C1AB0FF66001A127E /* Utilities.m */ = {isa = PBXFileReference; fileEncoding = 4; lastKnownFileType = sourcecode.c.objc; path = Utilities.m; sourceTree = "<group>"; };
		44453B4F1AB0FF66001A127E /* Cart.h */ = {isa = PBXFileReference; fileEncoding = 4; lastKnownFileType = sourcecode.c.h; path = Cart.h; sourceTree = "<group>"; };
		44453B501AB0FF66001A127E /* Cart.m */ = {isa = PBXFileReference; fileEncoding = 4; lastKnownFileType = sourcecode.c.objc; path = Cart.m; sourceTree = "<group>"; };
		44453B521AB0FF66001A127E /* GingerDolls.xcdatamodel */ = {isa = PBXFileReference; lastKnownFileType = wrapper.xcdatamodel; path = GingerDolls.xcdatamodel; sourceTree = "<group>"; };
		44453B571AB0FF66001A127E /* century gothic bold.ttf */ = {isa = PBXFileReference; lastKnownFileType = file; path = "century gothic bold.ttf"; sourceTree = "<group>"; };
		44453B581AB0FF66001A127E /* century gothic.ttf */ = {isa = PBXFileReference; lastKnownFileType = file; path = "century gothic.ttf"; sourceTree = "<group>"; };
		44453B671AB0FF66001A127E /* AboutRootViewController.h */ = {isa = PBXFileReference; fileEncoding = 4; lastKnownFileType = sourcecode.c.h; path = AboutRootViewController.h; sourceTree = "<group>"; };
		44453B681AB0FF66001A127E /* AboutRootViewController.m */ = {isa = PBXFileReference; fileEncoding = 4; lastKnownFileType = sourcecode.c.objc; path = AboutRootViewController.m; sourceTree = "<group>"; };
		44453B6A1AB0FF66001A127E /* CartRootViewController.h */ = {isa = PBXFileReference; fileEncoding = 4; lastKnownFileType = sourcecode.c.h; path = CartRootViewController.h; sourceTree = "<group>"; };
		44453B6B1AB0FF66001A127E /* CartRootViewController.m */ = {isa = PBXFileReference; fileEncoding = 4; lastKnownFileType = sourcecode.c.objc; path = CartRootViewController.m; sourceTree = "<group>"; };
		44453B6D1AB0FF66001A127E /* Add2CartViewController.h */ = {isa = PBXFileReference; fileEncoding = 4; lastKnownFileType = sourcecode.c.h; path = Add2CartViewController.h; sourceTree = "<group>"; };
		44453B6E1AB0FF66001A127E /* Add2CartViewController.m */ = {isa = PBXFileReference; fileEncoding = 4; lastKnownFileType = sourcecode.c.objc; path = Add2CartViewController.m; sourceTree = "<group>"; };
		44453B6F1AB0FF66001A127E /* CollectionDetailMainViewController.h */ = {isa = PBXFileReference; fileEncoding = 4; lastKnownFileType = sourcecode.c.h; path = CollectionDetailMainViewController.h; sourceTree = "<group>"; };
		44453B701AB0FF66001A127E /* CollectionDetailMainViewController.m */ = {isa = PBXFileReference; fileEncoding = 4; lastKnownFileType = sourcecode.c.objc; path = CollectionDetailMainViewController.m; sourceTree = "<group>"; };
		44453B711AB0FF66001A127E /* CollectionDetailSubViewController.h */ = {isa = PBXFileReference; fileEncoding = 4; lastKnownFileType = sourcecode.c.h; path = CollectionDetailSubViewController.h; sourceTree = "<group>"; };
		44453B721AB0FF66001A127E /* CollectionDetailSubViewController.m */ = {isa = PBXFileReference; fileEncoding = 4; lastKnownFileType = sourcecode.c.objc; path = CollectionDetailSubViewController.m; sourceTree = "<group>"; };
		44453B731AB0FF66001A127E /* CollectionListTableViewController.h */ = {isa = PBXFileReference; fileEncoding = 4; lastKnownFileType = sourcecode.c.h; path = CollectionListTableViewController.h; sourceTree = "<group>"; };
		44453B741AB0FF66001A127E /* CollectionListTableViewController.m */ = {isa = PBXFileReference; fileEncoding = 4; lastKnownFileType = sourcecode.c.objc; path = CollectionListTableViewController.m; sourceTree = "<group>"; };
		44453B751AB0FF66001A127E /* CollectionRootTableViewController.h */ = {isa = PBXFileReference; fileEncoding = 4; lastKnownFileType = sourcecode.c.h; path = CollectionRootTableViewController.h; sourceTree = "<group>"; };
		44453B761AB0FF66001A127E /* CollectionRootTableViewController.m */ = {isa = PBXFileReference; fileEncoding = 4; lastKnownFileType = sourcecode.c.objc; path = CollectionRootTableViewController.m; sourceTree = "<group>"; };
		44453B781AB0FF66001A127E /* HomeRootViewController.h */ = {isa = PBXFileReference; fileEncoding = 4; lastKnownFileType = sourcecode.c.h; path = HomeRootViewController.h; sourceTree = "<group>"; };
		44453B791AB0FF66001A127E /* HomeRootViewController.m */ = {isa = PBXFileReference; fileEncoding = 4; lastKnownFileType = sourcecode.c.objc; path = HomeRootViewController.m; sourceTree = "<group>"; };
		44453B7B1AB0FF66001A127E /* MoreRootTableViewController.h */ = {isa = PBXFileReference; fileEncoding = 4; lastKnownFileType = sourcecode.c.h; path = MoreRootTableViewController.h; sourceTree = "<group>"; };
		44453B7C1AB0FF66001A127E /* MoreRootTableViewController.m */ = {isa = PBXFileReference; fileEncoding = 4; lastKnownFileType = sourcecode.c.objc; path = MoreRootTableViewController.m; sourceTree = "<group>"; };
		444EDF4D1AB24F9E007B8354 /* CollectionCellText.h */ = {isa = PBXFileReference; fileEncoding = 4; lastKnownFileType = sourcecode.c.h; path = CollectionCellText.h; sourceTree = "<group>"; };
		444EDF4E1AB24F9E007B8354 /* CollectionCellText.m */ = {isa = PBXFileReference; fileEncoding = 4; lastKnownFileType = sourcecode.c.objc; path = CollectionCellText.m; sourceTree = "<group>"; };
		44EEC4951AB10CAA00DA1CA9 /* Images.xcassets */ = {isa = PBXFileReference; lastKnownFileType = folder.assetcatalog; path = Images.xcassets; sourceTree = "<group>"; };
		44EEC4981AB10CAA00DA1CA9 /* image_skirt1.png */ = {isa = PBXFileReference; lastKnownFileType = image.png; path = image_skirt1.png; sourceTree = "<group>"; };
		44EEC49A1AB10CAA00DA1CA9 /* image_tops1.png */ = {isa = PBXFileReference; lastKnownFileType = image.png; path = image_tops1.png; sourceTree = "<group>"; };
		44EEC49B1AB10CAA00DA1CA9 /* image_tops2.png */ = {isa = PBXFileReference; lastKnownFileType = image.png; path = image_tops2.png; sourceTree = "<group>"; };
		44EEC49E1AB10CAA00DA1CA9 /* image_bow_jeans_detail_1_iPhone@2x.png */ = {isa = PBXFileReference; lastKnownFileType = image.png; path = "image_bow_jeans_detail_1_iPhone@2x.png"; sourceTree = "<group>"; };
		44EEC49F1AB10CAA00DA1CA9 /* image_bow_jeans_detail_2_iPhone@2x.png */ = {isa = PBXFileReference; lastKnownFileType = image.png; path = "image_bow_jeans_detail_2_iPhone@2x.png"; sourceTree = "<group>"; };
		44EEC4A01AB10CAA00DA1CA9 /* image_bow_jeans_detail_3_iPhone@2x.png */ = {isa = PBXFileReference; lastKnownFileType = image.png; path = "image_bow_jeans_detail_3_iPhone@2x.png"; sourceTree = "<group>"; };
		44EEC4AA1AB1101300DA1CA9 /* LoginViewController.h */ = {isa = PBXFileReference; fileEncoding = 4; lastKnownFileType = sourcecode.c.h; path = LoginViewController.h; sourceTree = "<group>"; };
		44EEC4AB1AB1101300DA1CA9 /* LoginViewController.m */ = {isa = PBXFileReference; fileEncoding = 4; lastKnownFileType = sourcecode.c.objc; path = LoginViewController.m; sourceTree = "<group>"; };
		44EEC4AD1AB111BE00DA1CA9 /* RegisterViewController.h */ = {isa = PBXFileReference; fileEncoding = 4; lastKnownFileType = sourcecode.c.h; path = RegisterViewController.h; sourceTree = "<group>"; };
		44EEC4AE1AB111BE00DA1CA9 /* RegisterViewController.m */ = {isa = PBXFileReference; fileEncoding = 4; lastKnownFileType = sourcecode.c.objc; path = RegisterViewController.m; sourceTree = "<group>"; };
/* End PBXFileReference section */

/* Begin PBXFrameworksBuildPhase section */
		443FA6011AB0FD6C000EFD81 /* Frameworks */ = {
			isa = PBXFrameworksBuildPhase;
			buildActionMask = 2147483647;
			files = (
				443B1CAB1AB64A7F0090FFFA /* SystemConfiguration.framework in Frameworks */,
			);
			runOnlyForDeploymentPostprocessing = 0;
		};
		443FA61D1AB0FD6C000EFD81 /* Frameworks */ = {
			isa = PBXFrameworksBuildPhase;
			buildActionMask = 2147483647;
			files = (
			);
			runOnlyForDeploymentPostprocessing = 0;
		};
/* End PBXFrameworksBuildPhase section */

/* Begin PBXGroup section */
		338704AF1AB53AF400D21E0C /* Testimonials */ = {
			isa = PBXGroup;
			children = (
				338704B01AB53B0B00D21E0C /* TestimonialsViewController.h */,
				338704B11AB53B0B00D21E0C /* TestimonialsViewController.m */,
			);
			path = Testimonials;
			sourceTree = "<group>";
		};
		443B1CA41AB646170090FFFA /* api */ = {
			isa = PBXGroup;
			children = (
				443B1CAF1AB655AF0090FFFA /* AFNetworking */,
				443B1CAC1AB64B1D0090FFFA /* Reachability.h */,
				443B1CAD1AB64B1D0090FFFA /* Reachability.m */,
				443B1CA71AB64A3F0090FFFA /* WebserviceCall.h */,
				443B1CA81AB64A3F0090FFFA /* WebserviceCall.m */,
			);
			path = api;
			sourceTree = "<group>";
		};
		443B1CA51AB648BA0090FFFA /* config */ = {
			isa = PBXGroup;
			children = (
				443B1CA61AB648D80090FFFA /* BaseConfig.h */,
			);
			path = config;
			sourceTree = "<group>";
		};
		443B1CAF1AB655AF0090FFFA /* AFNetworking */ = {
			isa = PBXGroup;
			children = (
				443B1CCC1AB6566A0090FFFA /* UIKit+AFNetworking */,
				443B1CB01AB655AF0090FFFA /* AFHTTPRequestOperation.h */,
				443B1CB11AB655AF0090FFFA /* AFHTTPRequestOperation.m */,
				443B1CB21AB655AF0090FFFA /* AFHTTPRequestOperationManager.h */,
				443B1CB31AB655AF0090FFFA /* AFHTTPRequestOperationManager.m */,
				443B1CB41AB655AF0090FFFA /* AFHTTPSessionManager.h */,
				443B1CB51AB655AF0090FFFA /* AFHTTPSessionManager.m */,
				443B1CB61AB655AF0090FFFA /* AFNetworking.h */,
				443B1CB71AB655AF0090FFFA /* AFNetworkReachabilityManager.h */,
				443B1CB81AB655AF0090FFFA /* AFNetworkReachabilityManager.m */,
				443B1CB91AB655AF0090FFFA /* AFSecurityPolicy.h */,
				443B1CBA1AB655AF0090FFFA /* AFSecurityPolicy.m */,
				443B1CBB1AB655AF0090FFFA /* AFURLConnectionOperation.h */,
				443B1CBC1AB655AF0090FFFA /* AFURLConnectionOperation.m */,
				443B1CBD1AB655AF0090FFFA /* AFURLRequestSerialization.h */,
				443B1CBE1AB655AF0090FFFA /* AFURLRequestSerialization.m */,
				443B1CBF1AB655AF0090FFFA /* AFURLResponseSerialization.h */,
				443B1CC01AB655AF0090FFFA /* AFURLResponseSerialization.m */,
				443B1CC11AB655AF0090FFFA /* AFURLSessionManager.h */,
				443B1CC21AB655AF0090FFFA /* AFURLSessionManager.m */,
			);
			path = AFNetworking;
			sourceTree = "<group>";
		};
		443B1CCC1AB6566A0090FFFA /* UIKit+AFNetworking */ = {
			isa = PBXGroup;
			children = (
				443B1CCD1AB6566A0090FFFA /* AFNetworkActivityIndicatorManager.h */,
				443B1CCE1AB6566A0090FFFA /* AFNetworkActivityIndicatorManager.m */,
				443B1CCF1AB6566A0090FFFA /* UIActivityIndicatorView+AFNetworking.h */,
				443B1CD01AB6566A0090FFFA /* UIActivityIndicatorView+AFNetworking.m */,
				443B1CD11AB6566A0090FFFA /* UIAlertView+AFNetworking.h */,
				443B1CD21AB6566A0090FFFA /* UIAlertView+AFNetworking.m */,
				443B1CD31AB6566A0090FFFA /* UIButton+AFNetworking.h */,
				443B1CD41AB6566A0090FFFA /* UIButton+AFNetworking.m */,
				443B1CD51AB6566A0090FFFA /* UIImageView+AFNetworking.h */,
				443B1CD61AB6566A0090FFFA /* UIImageView+AFNetworking.m */,
				443B1CD71AB6566A0090FFFA /* UIKit+AFNetworking.h */,
				443B1CD81AB6566A0090FFFA /* UIProgressView+AFNetworking.h */,
				443B1CD91AB6566A0090FFFA /* UIProgressView+AFNetworking.m */,
				443B1CDA1AB6566A0090FFFA /* UIRefreshControl+AFNetworking.h */,
				443B1CDB1AB6566A0090FFFA /* UIRefreshControl+AFNetworking.m */,
				443B1CDC1AB6566A0090FFFA /* UIWebView+AFNetworking.h */,
				443B1CDD1AB6566A0090FFFA /* UIWebView+AFNetworking.m */,
			);
			path = "UIKit+AFNetworking";
			sourceTree = "<group>";
		};
		443FA5FB1AB0FD6C000EFD81 = {
			isa = PBXGroup;
			children = (
				443B1CAA1AB64A7F0090FFFA /* SystemConfiguration.framework */,
				443FA6061AB0FD6C000EFD81 /* Autohaus */,
				443FA6231AB0FD6C000EFD81 /* AutohausTests */,
				443FA6051AB0FD6C000EFD81 /* Products */,
			);
			sourceTree = "<group>";
		};
		443FA6051AB0FD6C000EFD81 /* Products */ = {
			isa = PBXGroup;
			children = (
				443FA6041AB0FD6C000EFD81 /* Autohaus.app */,
				443FA6201AB0FD6C000EFD81 /* AutohausTests.xctest */,
			);
			name = Products;
			sourceTree = "<group>";
		};
		443FA6061AB0FD6C000EFD81 /* Autohaus */ = {
			isa = PBXGroup;
			children = (
				44453B2C1AB0FF3D001A127E /* AppDelegate */,
				44453B301AB0FF66001A127E /* Classes */,
				44453B4D1AB0FF66001A127E /* CoreData */,
				44453B531AB0FF66001A127E /* Resources */,
				443FA6071AB0FD6C000EFD81 /* Supporting Files */,
			);
			path = Autohaus;
			sourceTree = "<group>";
		};
		443FA6071AB0FD6C000EFD81 /* Supporting Files */ = {
			isa = PBXGroup;
			children = (
				33876E891AB6EB9700E7F927 /* Main.storyboard */,
				443FA6081AB0FD6C000EFD81 /* Info.plist */,
				443FA6091AB0FD6C000EFD81 /* main.m */,
			);
			name = "Supporting Files";
			sourceTree = "<group>";
		};
		443FA6231AB0FD6C000EFD81 /* AutohausTests */ = {
			isa = PBXGroup;
			children = (
				443FA6261AB0FD6C000EFD81 /* AutohausTests.m */,
				443FA6241AB0FD6C000EFD81 /* Supporting Files */,
			);
			path = AutohausTests;
			sourceTree = "<group>";
		};
		443FA6241AB0FD6C000EFD81 /* Supporting Files */ = {
			isa = PBXGroup;
			children = (
				443FA6251AB0FD6C000EFD81 /* Info.plist */,
			);
			name = "Supporting Files";
			sourceTree = "<group>";
		};
		44453B2C1AB0FF3D001A127E /* AppDelegate */ = {
			isa = PBXGroup;
			children = (
				44453B2D1AB0FF3D001A127E /* AppDelegate.h */,
				44453B2E1AB0FF3D001A127E /* AppDelegate.m */,
			);
			path = AppDelegate;
			sourceTree = "<group>";
		};
		44453B301AB0FF66001A127E /* Classes */ = {
			isa = PBXGroup;
			children = (
				44453B651AB0FF66001A127E /* ViewControllers */,
				44453B311AB0FF66001A127E /* categories */,
				44453B361AB0FF66001A127E /* cells */,
				44453B3F1AB0FF66001A127E /* collections */,
				44453B441AB0FF66001A127E /* datasources */,
				44453B481AB0FF66001A127E /* helpers */,
				443B1CA41AB646170090FFFA /* api */,
				443B1CA51AB648BA0090FFFA /* config */,
			);
			name = Classes;
			path = AppDelegate/Classes;
			sourceTree = "<group>";
		};
		44453B311AB0FF66001A127E /* categories */ = {
			isa = PBXGroup;
			children = (
				44453B321AB0FF66001A127E /* BlurringView.h */,
				44453B331AB0FF66001A127E /* BlurringView.m */,
				44453B341AB0FF66001A127E /* UIImage+ImageEffects.h */,
				44453B351AB0FF66001A127E /* UIImage+ImageEffects.m */,
			);
			path = categories;
			sourceTree = "<group>";
		};
		44453B361AB0FF66001A127E /* cells */ = {
			isa = PBXGroup;
			children = (
				44453B371AB0FF66001A127E /* CartCell.h */,
				44453B381AB0FF66001A127E /* CartCell.m */,
				44453B391AB0FF66001A127E /* CollectionRootCell.h */,
				44453B3A1AB0FF66001A127E /* CollectionRootCell.m */,
				44453B3B1AB0FF66001A127E /* GalleryCell.h */,
				44453B3C1AB0FF66001A127E /* GalleryCell.m */,
				44453B3D1AB0FF66001A127E /* TableCellCollection.h */,
				44453B3E1AB0FF66001A127E /* TableCellCollection.m */,
				3370BD4A1AB70B18009D47AB /* PurchaseHistoryCell.h */,
				3370BD4B1AB70B18009D47AB /* PurchaseHistoryCell.m */,
				338704B61AB53C7400D21E0C /* TestimonialCell.h */,
				338704B71AB53C7400D21E0C /* TestimonialCell.m */,
			);
			path = cells;
			sourceTree = "<group>";
		};
		44453B3F1AB0FF66001A127E /* collections */ = {
			isa = PBXGroup;
			children = (
				44453B401AB0FF66001A127E /* CollectionCellImage.h */,
				44453B411AB0FF66001A127E /* CollectionCellImage.m */,
				444EDF4D1AB24F9E007B8354 /* CollectionCellText.h */,
				444EDF4E1AB24F9E007B8354 /* CollectionCellText.m */,
				44453B421AB0FF66001A127E /* CollectionHeaderLabel.h */,
				44453B431AB0FF66001A127E /* CollectionHeaderLabel.m */,
			);
			path = collections;
			sourceTree = "<group>";
		};
		44453B441AB0FF66001A127E /* datasources */ = {
			isa = PBXGroup;
			children = (
				44453B451AB0FF66001A127E /* ProductList.plist */,
			);
			path = datasources;
			sourceTree = "<group>";
		};
		44453B481AB0FF66001A127E /* helpers */ = {
			isa = PBXGroup;
			children = (
				44453B491AB0FF66001A127E /* CartInterface.h */,
				44453B4A1AB0FF66001A127E /* CartInterface.m */,
				44453B4B1AB0FF66001A127E /* Utilities.h */,
				44453B4C1AB0FF66001A127E /* Utilities.m */,
			);
			path = helpers;
			sourceTree = "<group>";
		};
		44453B4D1AB0FF66001A127E /* CoreData */ = {
			isa = PBXGroup;
			children = (
				44453B4E1AB0FF66001A127E /* CustomManagedObjects */,
				44453B511AB0FF66001A127E /* GingerDolls.xcdatamodeld */,
			);
			name = CoreData;
			path = AppDelegate/CoreData;
			sourceTree = "<group>";
		};
		44453B4E1AB0FF66001A127E /* CustomManagedObjects */ = {
			isa = PBXGroup;
			children = (
				44453B4F1AB0FF66001A127E /* Cart.h */,
				44453B501AB0FF66001A127E /* Cart.m */,
			);
			path = CustomManagedObjects;
			sourceTree = "<group>";
		};
		44453B531AB0FF66001A127E /* Resources */ = {
			isa = PBXGroup;
			children = (
				44453B561AB0FF66001A127E /* Fonts */,
				44453B9D1AB100C6001A127E /* Targets */,
			);
			name = Resources;
			path = AppDelegate/Resources;
			sourceTree = "<group>";
		};
		44453B561AB0FF66001A127E /* Fonts */ = {
			isa = PBXGroup;
			children = (
				44453B571AB0FF66001A127E /* century gothic bold.ttf */,
				44453B581AB0FF66001A127E /* century gothic.ttf */,
			);
			path = Fonts;
			sourceTree = "<group>";
		};
		44453B651AB0FF66001A127E /* ViewControllers */ = {
			isa = PBXGroup;
			children = (
				443B1CE61AB6956A0090FFFA /* TabBarViewController.h */,
				443B1CE71AB6956A0090FFFA /* TabBarViewController.m */,
				44EEC4A91AB10FEB00DA1CA9 /* Login */,
				44453B771AB0FF66001A127E /* Home */,
				44453B661AB0FF66001A127E /* About Us */,
				44453B691AB0FF66001A127E /* Cart */,
				44453B6C1AB0FF66001A127E /* Collections */,
				338704AF1AB53AF400D21E0C /* Testimonials */,
				44453B7A1AB0FF66001A127E /* More */,
			);
			name = ViewControllers;
			path = ../ViewControllers;
			sourceTree = "<group>";
		};
		44453B661AB0FF66001A127E /* About Us */ = {
			isa = PBXGroup;
			children = (
				44453B671AB0FF66001A127E /* AboutRootViewController.h */,
				44453B681AB0FF66001A127E /* AboutRootViewController.m */,
			);
			path = "About Us";
			sourceTree = "<group>";
		};
		44453B691AB0FF66001A127E /* Cart */ = {
			isa = PBXGroup;
			children = (
				44453B6A1AB0FF66001A127E /* CartRootViewController.h */,
				44453B6B1AB0FF66001A127E /* CartRootViewController.m */,
			);
			path = Cart;
			sourceTree = "<group>";
		};
		44453B6C1AB0FF66001A127E /* Collections */ = {
			isa = PBXGroup;
			children = (
				44453B6D1AB0FF66001A127E /* Add2CartViewController.h */,
				44453B6E1AB0FF66001A127E /* Add2CartViewController.m */,
				44453B6F1AB0FF66001A127E /* CollectionDetailMainViewController.h */,
				44453B701AB0FF66001A127E /* CollectionDetailMainViewController.m */,
				44453B711AB0FF66001A127E /* CollectionDetailSubViewController.h */,
				44453B721AB0FF66001A127E /* CollectionDetailSubViewController.m */,
				44453B731AB0FF66001A127E /* CollectionListTableViewController.h */,
				44453B741AB0FF66001A127E /* CollectionListTableViewController.m */,
				44453B751AB0FF66001A127E /* CollectionRootTableViewController.h */,
				44453B761AB0FF66001A127E /* CollectionRootTableViewController.m */,
			);
			path = Collections;
			sourceTree = "<group>";
		};
		44453B771AB0FF66001A127E /* Home */ = {
			isa = PBXGroup;
			children = (
				44453B781AB0FF66001A127E /* HomeRootViewController.h */,
				44453B791AB0FF66001A127E /* HomeRootViewController.m */,
			);
			path = Home;
			sourceTree = "<group>";
		};
		44453B7A1AB0FF66001A127E /* More */ = {
			isa = PBXGroup;
			children = (
				44453B7B1AB0FF66001A127E /* MoreRootTableViewController.h */,
				44453B7C1AB0FF66001A127E /* MoreRootTableViewController.m */,
				3370BD471AB7092E009D47AB /* PurchaseHistoryViewController.h */,
				3370BD481AB7092E009D47AB /* PurchaseHistoryViewController.m */,
				3370BD4D1AB70E88009D47AB /* ContactUsViewController.h */,
				3370BD4E1AB70E88009D47AB /* ContactUsViewController.m */,
				3370BD501AB71851009D47AB /* MyLocation.h */,
				3370BD511AB71851009D47AB /* MyLocation.m */,
			);
			path = More;
			sourceTree = "<group>";
		};
		44453B9D1AB100C6001A127E /* Targets */ = {
			isa = PBXGroup;
			children = (
				44EEC4921AB10CAA00DA1CA9 /* Autohaus */,
			);
			path = Targets;
			sourceTree = "<group>";
		};
		44EEC4921AB10CAA00DA1CA9 /* Autohaus */ = {
			isa = PBXGroup;
			children = (
				33CA89111AB19D11008B4145 /* Constants.h */,
				338CA4371AB8366100C91ACD /* WebserviceCallURL.h */,
				44EEC4951AB10CAA00DA1CA9 /* Images.xcassets */,
				44EEC4961AB10CAA00DA1CA9 /* ProductsImages */,
			);
			path = Autohaus;
			sourceTree = "<group>";
		};
		44EEC4961AB10CAA00DA1CA9 /* ProductsImages */ = {
			isa = PBXGroup;
			children = (
				44EEC4971AB10CAA00DA1CA9 /* skirts */,
				44EEC4991AB10CAA00DA1CA9 /* tops */,
				44EEC49C1AB10CAA00DA1CA9 /* trousers */,
			);
			path = ProductsImages;
			sourceTree = "<group>";
		};
		44EEC4971AB10CAA00DA1CA9 /* skirts */ = {
			isa = PBXGroup;
			children = (
				44EEC4981AB10CAA00DA1CA9 /* image_skirt1.png */,
			);
			path = skirts;
			sourceTree = "<group>";
		};
		44EEC4991AB10CAA00DA1CA9 /* tops */ = {
			isa = PBXGroup;
			children = (
				44EEC49A1AB10CAA00DA1CA9 /* image_tops1.png */,
				44EEC49B1AB10CAA00DA1CA9 /* image_tops2.png */,
			);
			path = tops;
			sourceTree = "<group>";
		};
		44EEC49C1AB10CAA00DA1CA9 /* trousers */ = {
			isa = PBXGroup;
			children = (
				44EEC49D1AB10CAA00DA1CA9 /* bow_printed_jeans */,
			);
			path = trousers;
			sourceTree = "<group>";
		};
		44EEC49D1AB10CAA00DA1CA9 /* bow_printed_jeans */ = {
			isa = PBXGroup;
			children = (
				44EEC49E1AB10CAA00DA1CA9 /* image_bow_jeans_detail_1_iPhone@2x.png */,
				44EEC49F1AB10CAA00DA1CA9 /* image_bow_jeans_detail_2_iPhone@2x.png */,
				44EEC4A01AB10CAA00DA1CA9 /* image_bow_jeans_detail_3_iPhone@2x.png */,
			);
			path = bow_printed_jeans;
			sourceTree = "<group>";
		};
		44EEC4A91AB10FEB00DA1CA9 /* Login */ = {
			isa = PBXGroup;
			children = (
				44EEC4AA1AB1101300DA1CA9 /* LoginViewController.h */,
				44EEC4AB1AB1101300DA1CA9 /* LoginViewController.m */,
				44EEC4AD1AB111BE00DA1CA9 /* RegisterViewController.h */,
				44EEC4AE1AB111BE00DA1CA9 /* RegisterViewController.m */,
			);
			path = Login;
			sourceTree = "<group>";
		};
/* End PBXGroup section */

/* Begin PBXNativeTarget section */
		443FA6031AB0FD6C000EFD81 /* Autohaus */ = {
			isa = PBXNativeTarget;
			buildConfigurationList = 443FA62A1AB0FD6C000EFD81 /* Build configuration list for PBXNativeTarget "Autohaus" */;
			buildPhases = (
				443FA6001AB0FD6C000EFD81 /* Sources */,
				443FA6011AB0FD6C000EFD81 /* Frameworks */,
				443FA6021AB0FD6C000EFD81 /* Resources */,
			);
			buildRules = (
			);
			dependencies = (
			);
			name = Autohaus;
			productName = Autohaus;
			productReference = 443FA6041AB0FD6C000EFD81 /* Autohaus.app */;
			productType = "com.apple.product-type.application";
		};
		443FA61F1AB0FD6C000EFD81 /* AutohausTests */ = {
			isa = PBXNativeTarget;
			buildConfigurationList = 443FA62D1AB0FD6C000EFD81 /* Build configuration list for PBXNativeTarget "AutohausTests" */;
			buildPhases = (
				443FA61C1AB0FD6C000EFD81 /* Sources */,
				443FA61D1AB0FD6C000EFD81 /* Frameworks */,
				443FA61E1AB0FD6C000EFD81 /* Resources */,
			);
			buildRules = (
			);
			dependencies = (
				443FA6221AB0FD6C000EFD81 /* PBXTargetDependency */,
			);
			name = AutohausTests;
			productName = AutohausTests;
			productReference = 443FA6201AB0FD6C000EFD81 /* AutohausTests.xctest */;
			productType = "com.apple.product-type.bundle.unit-test";
		};
/* End PBXNativeTarget section */

/* Begin PBXProject section */
		443FA5FC1AB0FD6C000EFD81 /* Project object */ = {
			isa = PBXProject;
			attributes = {
				LastUpgradeCheck = 0620;
				ORGANIZATIONNAME = JoVhengshuApps;
				TargetAttributes = {
					443FA6031AB0FD6C000EFD81 = {
						CreatedOnToolsVersion = 6.2;
					};
					443FA61F1AB0FD6C000EFD81 = {
						CreatedOnToolsVersion = 6.2;
						TestTargetID = 443FA6031AB0FD6C000EFD81;
					};
				};
			};
			buildConfigurationList = 443FA5FF1AB0FD6C000EFD81 /* Build configuration list for PBXProject "Autohaus" */;
			compatibilityVersion = "Xcode 3.2";
			developmentRegion = English;
			hasScannedForEncodings = 0;
			knownRegions = (
				en,
				Base,
			);
			mainGroup = 443FA5FB1AB0FD6C000EFD81;
			productRefGroup = 443FA6051AB0FD6C000EFD81 /* Products */;
			projectDirPath = "";
			projectRoot = "";
			targets = (
				443FA6031AB0FD6C000EFD81 /* Autohaus */,
				443FA61F1AB0FD6C000EFD81 /* AutohausTests */,
			);
		};
/* End PBXProject section */

/* Begin PBXResourcesBuildPhase section */
		443FA6021AB0FD6C000EFD81 /* Resources */ = {
			isa = PBXResourcesBuildPhase;
			buildActionMask = 2147483647;
			files = (
				44453B8B1AB0FF66001A127E /* century gothic bold.ttf in Resources */,
				44EEC4A41AB10CAA00DA1CA9 /* image_tops1.png in Resources */,
				44EEC4A21AB10CAA00DA1CA9 /* Images.xcassets in Resources */,
				44EEC4A61AB10CAA00DA1CA9 /* image_bow_jeans_detail_1_iPhone@2x.png in Resources */,
				44453B851AB0FF66001A127E /* ProductList.plist in Resources */,
				33876E8B1AB6EB9700E7F927 /* Main.storyboard in Resources */,
				44EEC4A51AB10CAA00DA1CA9 /* image_tops2.png in Resources */,
				44EEC4A71AB10CAA00DA1CA9 /* image_bow_jeans_detail_2_iPhone@2x.png in Resources */,
				44EEC4A31AB10CAA00DA1CA9 /* image_skirt1.png in Resources */,
				44453B8C1AB0FF66001A127E /* century gothic.ttf in Resources */,
				44EEC4A81AB10CAA00DA1CA9 /* image_bow_jeans_detail_3_iPhone@2x.png in Resources */,
			);
			runOnlyForDeploymentPostprocessing = 0;
		};
		443FA61E1AB0FD6C000EFD81 /* Resources */ = {
			isa = PBXResourcesBuildPhase;
			buildActionMask = 2147483647;
			files = (
			);
			runOnlyForDeploymentPostprocessing = 0;
		};
/* End PBXResourcesBuildPhase section */

/* Begin PBXSourcesBuildPhase section */
		443FA6001AB0FD6C000EFD81 /* Sources */ = {
			isa = PBXSourcesBuildPhase;
			buildActionMask = 2147483647;
			files = (
				443B1CE31AB6566A0090FFFA /* UIProgressView+AFNetworking.m in Sources */,
				444EDF4F1AB24F9E007B8354 /* CollectionCellText.m in Sources */,
				443B1CE41AB6566A0090FFFA /* UIRefreshControl+AFNetworking.m in Sources */,
				44453B951AB0FF66001A127E /* CartRootViewController.m in Sources */,
				3370BD521AB71851009D47AB /* MyLocation.m in Sources */,
				44453B891AB0FF66001A127E /* GingerDolls.xcdatamodeld in Sources */,
				443B1CE01AB6566A0090FFFA /* UIAlertView+AFNetworking.m in Sources */,
				443B1CE21AB6566A0090FFFA /* UIImageView+AFNetworking.m in Sources */,
				443B1CC81AB655AF0090FFFA /* AFURLConnectionOperation.m in Sources */,
				44453B881AB0FF66001A127E /* Cart.m in Sources */,
				443B1CCB1AB655AF0090FFFA /* AFURLSessionManager.m in Sources */,
				443B1CC91AB655AF0090FFFA /* AFURLRequestSerialization.m in Sources */,
				443B1CA91AB64A3F0090FFFA /* WebserviceCall.m in Sources */,
				44453B941AB0FF66001A127E /* AboutRootViewController.m in Sources */,
				443B1CE11AB6566A0090FFFA /* UIButton+AFNetworking.m in Sources */,
				44453B7E1AB0FF66001A127E /* UIImage+ImageEffects.m in Sources */,
				443B1CC71AB655AF0090FFFA /* AFSecurityPolicy.m in Sources */,
				44453B991AB0FF66001A127E /* CollectionListTableViewController.m in Sources */,
				44453B841AB0FF66001A127E /* CollectionHeaderLabel.m in Sources */,
				443B1CC61AB655AF0090FFFA /* AFNetworkReachabilityManager.m in Sources */,
				443B1CE81AB6956A0090FFFA /* TabBarViewController.m in Sources */,
				443B1CCA1AB655AF0090FFFA /* AFURLResponseSerialization.m in Sources */,
				44453B811AB0FF66001A127E /* GalleryCell.m in Sources */,
				443B1CC51AB655AF0090FFFA /* AFHTTPSessionManager.m in Sources */,
				44EEC4AC1AB1101300DA1CA9 /* LoginViewController.m in Sources */,
				44453B2F1AB0FF3D001A127E /* AppDelegate.m in Sources */,
				44453B7F1AB0FF66001A127E /* CartCell.m in Sources */,
				44453B821AB0FF66001A127E /* TableCellCollection.m in Sources */,
				44453B971AB0FF66001A127E /* CollectionDetailMainViewController.m in Sources */,
				338704B21AB53B0B00D21E0C /* TestimonialsViewController.m in Sources */,
				3370BD491AB7092E009D47AB /* PurchaseHistoryViewController.m in Sources */,
				44453B9A1AB0FF66001A127E /* CollectionRootTableViewController.m in Sources */,
				3370BD4C1AB70B18009D47AB /* PurchaseHistoryCell.m in Sources */,
				443B1CDE1AB6566A0090FFFA /* AFNetworkActivityIndicatorManager.m in Sources */,
				44453B981AB0FF66001A127E /* CollectionDetailSubViewController.m in Sources */,
				44EEC4AF1AB111BE00DA1CA9 /* RegisterViewController.m in Sources */,
				443B1CC31AB655AF0090FFFA /* AFHTTPRequestOperation.m in Sources */,
				44453B871AB0FF66001A127E /* Utilities.m in Sources */,
				44453B7D1AB0FF66001A127E /* BlurringView.m in Sources */,
				443FA60A1AB0FD6C000EFD81 /* main.m in Sources */,
				443B1CE51AB6566A0090FFFA /* UIWebView+AFNetworking.m in Sources */,
				3370BD4F1AB70E88009D47AB /* ContactUsViewController.m in Sources */,
				443B1CDF1AB6566A0090FFFA /* UIActivityIndicatorView+AFNetworking.m in Sources */,
				44453B9C1AB0FF66001A127E /* MoreRootTableViewController.m in Sources */,
				44453B9B1AB0FF66001A127E /* HomeRootViewController.m in Sources */,
				443B1CAE1AB64B1D0090FFFA /* Reachability.m in Sources */,
				44453B831AB0FF66001A127E /* CollectionCellImage.m in Sources */,
				44453B961AB0FF66001A127E /* Add2CartViewController.m in Sources */,
				338704B81AB53C7400D21E0C /* TestimonialCell.m in Sources */,
				44453B861AB0FF66001A127E /* CartInterface.m in Sources */,
				443B1CC41AB655AF0090FFFA /* AFHTTPRequestOperationManager.m in Sources */,
				44453B801AB0FF66001A127E /* CollectionRootCell.m in Sources */,
			);
			runOnlyForDeploymentPostprocessing = 0;
		};
		443FA61C1AB0FD6C000EFD81 /* Sources */ = {
			isa = PBXSourcesBuildPhase;
			buildActionMask = 2147483647;
			files = (
				443FA6271AB0FD6C000EFD81 /* AutohausTests.m in Sources */,
			);
			runOnlyForDeploymentPostprocessing = 0;
		};
/* End PBXSourcesBuildPhase section */

/* Begin PBXTargetDependency section */
		443FA6221AB0FD6C000EFD81 /* PBXTargetDependency */ = {
			isa = PBXTargetDependency;
			target = 443FA6031AB0FD6C000EFD81 /* Autohaus */;
			targetProxy = 443FA6211AB0FD6C000EFD81 /* PBXContainerItemProxy */;
		};
/* End PBXTargetDependency section */

/* Begin PBXVariantGroup section */
		33876E891AB6EB9700E7F927 /* Main.storyboard */ = {
			isa = PBXVariantGroup;
			children = (
				33876E8A1AB6EB9700E7F927 /* Base */,
			);
			name = Main.storyboard;
			sourceTree = "<group>";
		};
/* End PBXVariantGroup section */

/* Begin XCBuildConfiguration section */
		443FA6281AB0FD6C000EFD81 /* Debug */ = {
			isa = XCBuildConfiguration;
			buildSettings = {
				ALWAYS_SEARCH_USER_PATHS = NO;
				CLANG_CXX_LANGUAGE_STANDARD = "gnu++0x";
				CLANG_CXX_LIBRARY = "libc++";
				CLANG_ENABLE_MODULES = YES;
				CLANG_ENABLE_OBJC_ARC = YES;
				CLANG_WARN_BOOL_CONVERSION = YES;
				CLANG_WARN_CONSTANT_CONVERSION = YES;
				CLANG_WARN_DIRECT_OBJC_ISA_USAGE = YES_ERROR;
				CLANG_WARN_EMPTY_BODY = YES;
				CLANG_WARN_ENUM_CONVERSION = YES;
				CLANG_WARN_INT_CONVERSION = YES;
				CLANG_WARN_OBJC_ROOT_CLASS = YES_ERROR;
				CLANG_WARN_UNREACHABLE_CODE = YES;
				CLANG_WARN__DUPLICATE_METHOD_MATCH = YES;
				"CODE_SIGN_IDENTITY[sdk=iphoneos*]" = "iPhone Developer";
				COPY_PHASE_STRIP = NO;
				ENABLE_STRICT_OBJC_MSGSEND = YES;
				GCC_C_LANGUAGE_STANDARD = gnu99;
				GCC_DYNAMIC_NO_PIC = NO;
				GCC_OPTIMIZATION_LEVEL = 0;
				GCC_PREPROCESSOR_DEFINITIONS = (
					"DEBUG=1",
					"$(inherited)",
				);
				GCC_SYMBOLS_PRIVATE_EXTERN = NO;
				GCC_WARN_64_TO_32_BIT_CONVERSION = YES;
				GCC_WARN_ABOUT_RETURN_TYPE = YES_ERROR;
				GCC_WARN_UNDECLARED_SELECTOR = YES;
				GCC_WARN_UNINITIALIZED_AUTOS = YES_AGGRESSIVE;
				GCC_WARN_UNUSED_FUNCTION = YES;
				GCC_WARN_UNUSED_VARIABLE = YES;
				IPHONEOS_DEPLOYMENT_TARGET = 8.2;
				MTL_ENABLE_DEBUG_INFO = YES;
				ONLY_ACTIVE_ARCH = YES;
				SDKROOT = iphoneos;
			};
			name = Debug;
		};
		443FA6291AB0FD6C000EFD81 /* Release */ = {
			isa = XCBuildConfiguration;
			buildSettings = {
				ALWAYS_SEARCH_USER_PATHS = NO;
				CLANG_CXX_LANGUAGE_STANDARD = "gnu++0x";
				CLANG_CXX_LIBRARY = "libc++";
				CLANG_ENABLE_MODULES = YES;
				CLANG_ENABLE_OBJC_ARC = YES;
				CLANG_WARN_BOOL_CONVERSION = YES;
				CLANG_WARN_CONSTANT_CONVERSION = YES;
				CLANG_WARN_DIRECT_OBJC_ISA_USAGE = YES_ERROR;
				CLANG_WARN_EMPTY_BODY = YES;
				CLANG_WARN_ENUM_CONVERSION = YES;
				CLANG_WARN_INT_CONVERSION = YES;
				CLANG_WARN_OBJC_ROOT_CLASS = YES_ERROR;
				CLANG_WARN_UNREACHABLE_CODE = YES;
				CLANG_WARN__DUPLICATE_METHOD_MATCH = YES;
				"CODE_SIGN_IDENTITY[sdk=iphoneos*]" = "iPhone Developer";
				COPY_PHASE_STRIP = NO;
				ENABLE_NS_ASSERTIONS = NO;
				ENABLE_STRICT_OBJC_MSGSEND = YES;
				GCC_C_LANGUAGE_STANDARD = gnu99;
				GCC_WARN_64_TO_32_BIT_CONVERSION = YES;
				GCC_WARN_ABOUT_RETURN_TYPE = YES_ERROR;
				GCC_WARN_UNDECLARED_SELECTOR = YES;
				GCC_WARN_UNINITIALIZED_AUTOS = YES_AGGRESSIVE;
				GCC_WARN_UNUSED_FUNCTION = YES;
				GCC_WARN_UNUSED_VARIABLE = YES;
				IPHONEOS_DEPLOYMENT_TARGET = 8.2;
				MTL_ENABLE_DEBUG_INFO = NO;
				SDKROOT = iphoneos;
				VALIDATE_PRODUCT = YES;
			};
			name = Release;
		};
		443FA62B1AB0FD6C000EFD81 /* Debug */ = {
			isa = XCBuildConfiguration;
			buildSettings = {
				ASSETCATALOG_COMPILER_APPICON_NAME = AppIcon;
				ASSETCATALOG_COMPILER_LAUNCHIMAGE_NAME = LaunchImage;
				INFOPLIST_FILE = Autohaus/Info.plist;
				LD_RUNPATH_SEARCH_PATHS = "$(inherited) @executable_path/Frameworks";
				PRODUCT_NAME = "$(TARGET_NAME)";
			};
			name = Debug;
		};
		443FA62C1AB0FD6C000EFD81 /* Release */ = {
			isa = XCBuildConfiguration;
			buildSettings = {
				ASSETCATALOG_COMPILER_APPICON_NAME = AppIcon;
				ASSETCATALOG_COMPILER_LAUNCHIMAGE_NAME = LaunchImage;
				INFOPLIST_FILE = Autohaus/Info.plist;
				LD_RUNPATH_SEARCH_PATHS = "$(inherited) @executable_path/Frameworks";
				PRODUCT_NAME = "$(TARGET_NAME)";
			};
			name = Release;
		};
		443FA62E1AB0FD6C000EFD81 /* Debug */ = {
			isa = XCBuildConfiguration;
			buildSettings = {
				BUNDLE_LOADER = "$(TEST_HOST)";
				FRAMEWORK_SEARCH_PATHS = (
					"$(SDKROOT)/Developer/Library/Frameworks",
					"$(inherited)",
				);
				GCC_PREPROCESSOR_DEFINITIONS = (
					"DEBUG=1",
					"$(inherited)",
				);
				INFOPLIST_FILE = AutohausTests/Info.plist;
				LD_RUNPATH_SEARCH_PATHS = "$(inherited) @executable_path/Frameworks @loader_path/Frameworks";
				PRODUCT_NAME = "$(TARGET_NAME)";
				TEST_HOST = "$(BUILT_PRODUCTS_DIR)/Autohaus.app/Autohaus";
			};
			name = Debug;
		};
		443FA62F1AB0FD6C000EFD81 /* Release */ = {
			isa = XCBuildConfiguration;
			buildSettings = {
				BUNDLE_LOADER = "$(TEST_HOST)";
				FRAMEWORK_SEARCH_PATHS = (
					"$(SDKROOT)/Developer/Library/Frameworks",
					"$(inherited)",
				);
				INFOPLIST_FILE = AutohausTests/Info.plist;
				LD_RUNPATH_SEARCH_PATHS = "$(inherited) @executable_path/Frameworks @loader_path/Frameworks";
				PRODUCT_NAME = "$(TARGET_NAME)";
				TEST_HOST = "$(BUILT_PRODUCTS_DIR)/Autohaus.app/Autohaus";
			};
			name = Release;
		};
/* End XCBuildConfiguration section */

/* Begin XCConfigurationList section */
		443FA5FF1AB0FD6C000EFD81 /* Build configuration list for PBXProject "Autohaus" */ = {
			isa = XCConfigurationList;
			buildConfigurations = (
				443FA6281AB0FD6C000EFD81 /* Debug */,
				443FA6291AB0FD6C000EFD81 /* Release */,
			);
			defaultConfigurationIsVisible = 0;
			defaultConfigurationName = Release;
		};
		443FA62A1AB0FD6C000EFD81 /* Build configuration list for PBXNativeTarget "Autohaus" */ = {
			isa = XCConfigurationList;
			buildConfigurations = (
				443FA62B1AB0FD6C000EFD81 /* Debug */,
				443FA62C1AB0FD6C000EFD81 /* Release */,
			);
			defaultConfigurationIsVisible = 0;
			defaultConfigurationName = Release;
		};
		443FA62D1AB0FD6C000EFD81 /* Build configuration list for PBXNativeTarget "AutohausTests" */ = {
			isa = XCConfigurationList;
			buildConfigurations = (
				443FA62E1AB0FD6C000EFD81 /* Debug */,
				443FA62F1AB0FD6C000EFD81 /* Release */,
			);
			defaultConfigurationIsVisible = 0;
			defaultConfigurationName = Release;
		};
/* End XCConfigurationList section */

/* Begin XCVersionGroup section */
		44453B511AB0FF66001A127E /* GingerDolls.xcdatamodeld */ = {
			isa = XCVersionGroup;
			children = (
				44453B521AB0FF66001A127E /* GingerDolls.xcdatamodel */,
			);
			currentVersion = 44453B521AB0FF66001A127E /* GingerDolls.xcdatamodel */;
			path = GingerDolls.xcdatamodeld;
			sourceTree = "<group>";
			versionGroupType = wrapper.xcdatamodel;
		};
/* End XCVersionGroup section */
	};
	rootObject = 443FA5FC1AB0FD6C000EFD81 /* Project object */;
}
